
Microsoft Visual Studio Solution File, Format Version 12.00
# Visual Studio Version 17
VisualStudioVersion = 17.0.31903.59
MinimumVisualStudioVersion = 10.0.40219.1
Project("{FAE04EC0-301F-11D3-BF4B-00C04F79EFBC}") = "PRism.Core", "PRism.Core\PRism.Core.csproj", "{358D1AC6-0B89-48BD-B33C-1DC822279961}"
EndProject
Project("{FAE04EC0-301F-11D3-BF4B-00C04F79EFBC}") = "PRism.Core.Contracts", "PRism.Core.Contracts\PRism.Core.Contracts.csproj", "{2FA8D334-99F9-4B33-B681-EBF1AFA4E95A}"
EndProject
Project("{FAE04EC0-301F-11D3-BF4B-00C04F79EFBC}") = "PRism.AI.Contracts", "PRism.AI.Contracts\PRism.AI.Contracts.csproj", "{24A742BB-E3B1-419E-AD55-4FB28C7B351A}"
EndProject
Project("{FAE04EC0-301F-11D3-BF4B-00C04F79EFBC}") = "PRism.AI.Placeholder", "PRism.AI.Placeholder\PRism.AI.Placeholder.csproj", "{D9B16736-0164-445C-9812-574780CF115A}"
EndProject
Project("{FAE04EC0-301F-11D3-BF4B-00C04F79EFBC}") = "PRism.GitHub", "PRism.GitHub\PRism.GitHub.csproj", "{F9B21211-7289-458A-8BC1-E39778726C46}"
EndProject
Project("{FAE04EC0-301F-11D3-BF4B-00C04F79EFBC}") = "PRism.Web", "PRism.Web\PRism.Web.csproj", "{6E09C52B-26C4-41EB-A75B-08C72FEADFF7}"
EndProject
Project("{2150E333-8FDC-42A3-9474-1A3956D46DE8}") = "tests", "tests", "{0AB3BF05-4346-4AA6-1389-037BE0695223}"
EndProject
Project("{FAE04EC0-301F-11D3-BF4B-00C04F79EFBC}") = "PRism.Core.Tests", "tests\PRism.Core.Tests\PRism.Core.Tests.csproj", "{752127B3-5325-4D47-90F6-E1FB174B604E}"
EndProject
Project("{FAE04EC0-301F-11D3-BF4B-00C04F79EFBC}") = "PRism.GitHub.Tests", "tests\PRism.GitHub.Tests\PRism.GitHub.Tests.csproj", "{4A45E0BD-273D-49B1-853C-4D6002B190EE}"
EndProject
Project("{FAE04EC0-301F-11D3-BF4B-00C04F79EFBC}") = "PRism.Web.Tests", "tests\PRism.Web.Tests\PRism.Web.Tests.csproj", "{F954E798-8E28-4CA0-AE71-2C35BA77EFDD}"
EndProject
Global
	GlobalSection(SolutionConfigurationPlatforms) = preSolution
		Debug|Any CPU = Debug|Any CPU
		Debug|x64 = Debug|x64
		Debug|x86 = Debug|x86
		Release|Any CPU = Release|Any CPU
		Release|x64 = Release|x64
		Release|x86 = Release|x86
	EndGlobalSection
	GlobalSection(ProjectConfigurationPlatforms) = postSolution
		{358D1AC6-0B89-48BD-B33C-1DC822279961}.Debug|Any CPU.ActiveCfg = Debug|Any CPU
		{358D1AC6-0B89-48BD-B33C-1DC822279961}.Debug|Any CPU.Build.0 = Debug|Any CPU
		{358D1AC6-0B89-48BD-B33C-1DC822279961}.Debug|x64.ActiveCfg = Debug|Any CPU
		{358D1AC6-0B89-48BD-B33C-1DC822279961}.Debug|x64.Build.0 = Debug|Any CPU
		{358D1AC6-0B89-48BD-B33C-1DC822279961}.Debug|x86.ActiveCfg = Debug|Any CPU
		{358D1AC6-0B89-48BD-B33C-1DC822279961}.Debug|x86.Build.0 = Debug|Any CPU
		{358D1AC6-0B89-48BD-B33C-1DC822279961}.Release|Any CPU.ActiveCfg = Release|Any CPU
		{358D1AC6-0B89-48BD-B33C-1DC822279961}.Release|Any CPU.Build.0 = Release|Any CPU
		{358D1AC6-0B89-48BD-B33C-1DC822279961}.Release|x64.ActiveCfg = Release|Any CPU
		{358D1AC6-0B89-48BD-B33C-1DC822279961}.Release|x64.Build.0 = Release|Any CPU
		{358D1AC6-0B89-48BD-B33C-1DC822279961}.Release|x86.ActiveCfg = Release|Any CPU
		{358D1AC6-0B89-48BD-B33C-1DC822279961}.Release|x86.Build.0 = Release|Any CPU
		{2FA8D334-99F9-4B33-B681-EBF1AFA4E95A}.Debug|Any CPU.ActiveCfg = Debug|Any CPU
		{2FA8D334-99F9-4B33-B681-EBF1AFA4E95A}.Debug|Any CPU.Build.0 = Debug|Any CPU
		{2FA8D334-99F9-4B33-B681-EBF1AFA4E95A}.Debug|x64.ActiveCfg = Debug|Any CPU
		{2FA8D334-99F9-4B33-B681-EBF1AFA4E95A}.Debug|x64.Build.0 = Debug|Any CPU
		{2FA8D334-99F9-4B33-B681-EBF1AFA4E95A}.Debug|x86.ActiveCfg = Debug|Any CPU
		{2FA8D334-99F9-4B33-B681-EBF1AFA4E95A}.Debug|x86.Build.0 = Debug|Any CPU
		{2FA8D334-99F9-4B33-B681-EBF1AFA4E95A}.Release|Any CPU.ActiveCfg = Release|Any CPU
		{2FA8D334-99F9-4B33-B681-EBF1AFA4E95A}.Release|Any CPU.Build.0 = Release|Any CPU
		{2FA8D334-99F9-4B33-B681-EBF1AFA4E95A}.Release|x64.ActiveCfg = Release|Any CPU
		{2FA8D334-99F9-4B33-B681-EBF1AFA4E95A}.Release|x64.Build.0 = Release|Any CPU
		{2FA8D334-99F9-4B33-B681-EBF1AFA4E95A}.Release|x86.ActiveCfg = Release|Any CPU
		{2FA8D334-99F9-4B33-B681-EBF1AFA4E95A}.Release|x86.Build.0 = Release|Any CPU
		{24A742BB-E3B1-419E-AD55-4FB28C7B351A}.Debug|Any CPU.ActiveCfg = Debug|Any CPU
		{24A742BB-E3B1-419E-AD55-4FB28C7B351A}.Debug|Any CPU.Build.0 = Debug|Any CPU
		{24A742BB-E3B1-419E-AD55-4FB28C7B351A}.Debug|x64.ActiveCfg = Debug|Any CPU
		{24A742BB-E3B1-419E-AD55-4FB28C7B351A}.Debug|x64.Build.0 = Debug|Any CPU
		{24A742BB-E3B1-419E-AD55-4FB28C7B351A}.Debug|x86.ActiveCfg = Debug|Any CPU
		{24A742BB-E3B1-419E-AD55-4FB28C7B351A}.Debug|x86.Build.0 = Debug|Any CPU
		{24A742BB-E3B1-419E-AD55-4FB28C7B351A}.Release|Any CPU.ActiveCfg = Release|Any CPU
		{24A742BB-E3B1-419E-AD55-4FB28C7B351A}.Release|Any CPU.Build.0 = Release|Any CPU
		{24A742BB-E3B1-419E-AD55-4FB28C7B351A}.Release|x64.ActiveCfg = Release|Any CPU
		{24A742BB-E3B1-419E-AD55-4FB28C7B351A}.Release|x64.Build.0 = Release|Any CPU
		{24A742BB-E3B1-419E-AD55-4FB28C7B351A}.Release|x86.ActiveCfg = Release|Any CPU
		{24A742BB-E3B1-419E-AD55-4FB28C7B351A}.Release|x86.Build.0 = Release|Any CPU
		{D9B16736-0164-445C-9812-574780CF115A}.Debug|Any CPU.ActiveCfg = Debug|Any CPU
		{D9B16736-0164-445C-9812-574780CF115A}.Debug|Any CPU.Build.0 = Debug|Any CPU
		{D9B16736-0164-445C-9812-574780CF115A}.Debug|x64.ActiveCfg = Debug|Any CPU
		{D9B16736-0164-445C-9812-574780CF115A}.Debug|x64.Build.0 = Debug|Any CPU
		{D9B16736-0164-445C-9812-574780CF115A}.Debug|x86.ActiveCfg = Debug|Any CPU
		{D9B16736-0164-445C-9812-574780CF115A}.Debug|x86.Build.0 = Debug|Any CPU
		{D9B16736-0164-445C-9812-574780CF115A}.Release|Any CPU.ActiveCfg = Release|Any CPU
		{D9B16736-0164-445C-9812-574780CF115A}.Release|Any CPU.Build.0 = Release|Any CPU
		{D9B16736-0164-445C-9812-574780CF115A}.Release|x64.ActiveCfg = Release|Any CPU
		{D9B16736-0164-445C-9812-574780CF115A}.Release|x64.Build.0 = Release|Any CPU
		{D9B16736-0164-445C-9812-574780CF115A}.Release|x86.ActiveCfg = Release|Any CPU
		{D9B16736-0164-445C-9812-574780CF115A}.Release|x86.Build.0 = Release|Any CPU
		{F9B21211-7289-458A-8BC1-E39778726C46}.Debug|Any CPU.ActiveCfg = Debug|Any CPU
		{F9B21211-7289-458A-8BC1-E39778726C46}.Debug|Any CPU.Build.0 = Debug|Any CPU
		{F9B21211-7289-458A-8BC1-E39778726C46}.Debug|x64.ActiveCfg = Debug|Any CPU
		{F9B21211-7289-458A-8BC1-E39778726C46}.Debug|x64.Build.0 = Debug|Any CPU
		{F9B21211-7289-458A-8BC1-E39778726C46}.Debug|x86.ActiveCfg = Debug|Any CPU
		{F9B21211-7289-458A-8BC1-E39778726C46}.Debug|x86.Build.0 = Debug|Any CPU
		{F9B21211-7289-458A-8BC1-E39778726C46}.Release|Any CPU.ActiveCfg = Release|Any CPU
		{F9B21211-7289-458A-8BC1-E39778726C46}.Release|Any CPU.Build.0 = Release|Any CPU
		{F9B21211-7289-458A-8BC1-E39778726C46}.Release|x64.ActiveCfg = Release|Any CPU
		{F9B21211-7289-458A-8BC1-E39778726C46}.Release|x64.Build.0 = Release|Any CPU
		{F9B21211-7289-458A-8BC1-E39778726C46}.Release|x86.ActiveCfg = Release|Any CPU
		{F9B21211-7289-458A-8BC1-E39778726C46}.Release|x86.Build.0 = Release|Any CPU
		{6E09C52B-26C4-41EB-A75B-08C72FEADFF7}.Debug|Any CPU.ActiveCfg = Debug|Any CPU
		{6E09C52B-26C4-41EB-A75B-08C72FEADFF7}.Debug|Any CPU.Build.0 = Debug|Any CPU
		{6E09C52B-26C4-41EB-A75B-08C72FEADFF7}.Debug|x64.ActiveCfg = Debug|Any CPU
		{6E09C52B-26C4-41EB-A75B-08C72FEADFF7}.Debug|x64.Build.0 = Debug|Any CPU
		{6E09C52B-26C4-41EB-A75B-08C72FEADFF7}.Debug|x86.ActiveCfg = Debug|Any CPU
		{6E09C52B-26C4-41EB-A75B-08C72FEADFF7}.Debug|x86.Build.0 = Debug|Any CPU
		{6E09C52B-26C4-41EB-A75B-08C72FEADFF7}.Release|Any CPU.ActiveCfg = Release|Any CPU
		{6E09C52B-26C4-41EB-A75B-08C72FEADFF7}.Release|Any CPU.Build.0 = Release|Any CPU
		{6E09C52B-26C4-41EB-A75B-08C72FEADFF7}.Release|x64.ActiveCfg = Release|Any CPU
		{6E09C52B-26C4-41EB-A75B-08C72FEADFF7}.Release|x64.Build.0 = Release|Any CPU
		{6E09C52B-26C4-41EB-A75B-08C72FEADFF7}.Release|x86.ActiveCfg = Release|Any CPU
		{6E09C52B-26C4-41EB-A75B-08C72FEADFF7}.Release|x86.Build.0 = Release|Any CPU
		{752127B3-5325-4D47-90F6-E1FB174B604E}.Debug|Any CPU.ActiveCfg = Debug|Any CPU
		{752127B3-5325-4D47-90F6-E1FB174B604E}.Debug|Any CPU.Build.0 = Debug|Any CPU
		{752127B3-5325-4D47-90F6-E1FB174B604E}.Debug|x64.ActiveCfg = Debug|Any CPU
		{752127B3-5325-4D47-90F6-E1FB174B604E}.Debug|x64.Build.0 = Debug|Any CPU
		{752127B3-5325-4D47-90F6-E1FB174B604E}.Debug|x86.ActiveCfg = Debug|Any CPU
		{752127B3-5325-4D47-90F6-E1FB174B604E}.Debug|x86.Build.0 = Debug|Any CPU
		{752127B3-5325-4D47-90F6-E1FB174B604E}.Release|Any CPU.ActiveCfg = Release|Any CPU
		{752127B3-5325-4D47-90F6-E1FB174B604E}.Release|Any CPU.Build.0 = Release|Any CPU
		{752127B3-5325-4D47-90F6-E1FB174B604E}.Release|x64.ActiveCfg = Release|Any CPU
		{752127B3-5325-4D47-90F6-E1FB174B604E}.Release|x64.Build.0 = Release|Any CPU
		{752127B3-5325-4D47-90F6-E1FB174B604E}.Release|x86.ActiveCfg = Release|Any CPU
		{752127B3-5325-4D47-90F6-E1FB174B604E}.Release|x86.Build.0 = Release|Any CPU
		{4A45E0BD-273D-49B1-853C-4D6002B190EE}.Debug|Any CPU.ActiveCfg = Debug|Any CPU
		{4A45E0BD-273D-49B1-853C-4D6002B190EE}.Debug|Any CPU.Build.0 = Debug|Any CPU
		{4A45E0BD-273D-49B1-853C-4D6002B190EE}.Debug|x64.ActiveCfg = Debug|Any CPU
		{4A45E0BD-273D-49B1-853C-4D6002B190EE}.Debug|x64.Build.0 = Debug|Any CPU
		{4A45E0BD-273D-49B1-853C-4D6002B190EE}.Debug|x86.ActiveCfg = Debug|Any CPU
		{4A45E0BD-273D-49B1-853C-4D6002B190EE}.Debug|x86.Build.0 = Debug|Any CPU
		{4A45E0BD-273D-49B1-853C-4D6002B190EE}.Release|Any CPU.ActiveCfg = Release|Any CPU
		{4A45E0BD-273D-49B1-853C-4D6002B190EE}.Release|Any CPU.Build.0 = Release|Any CPU
		{4A45E0BD-273D-49B1-853C-4D6002B190EE}.Release|x64.ActiveCfg = Release|Any CPU
		{4A45E0BD-273D-49B1-853C-4D6002B190EE}.Release|x64.Build.0 = Release|Any CPU
		{4A45E0BD-273D-49B1-853C-4D6002B190EE}.Release|x86.ActiveCfg = Release|Any CPU
		{4A45E0BD-273D-49B1-853C-4D6002B190EE}.Release|x86.Build.0 = Release|Any CPU
		{F954E798-8E28-4CA0-AE71-2C35BA77EFDD}.Debug|Any CPU.ActiveCfg = Debug|Any CPU
		{F954E798-8E28-4CA0-AE71-2C35BA77EFDD}.Debug|Any CPU.Build.0 = Debug|Any CPU
		{F954E798-8E28-4CA0-AE71-2C35BA77EFDD}.Debug|x64.ActiveCfg = Debug|Any CPU
		{F954E798-8E28-4CA0-AE71-2C35BA77EFDD}.Debug|x64.Build.0 = Debug|Any CPU
		{F954E798-8E28-4CA0-AE71-2C35BA77EFDD}.Debug|x86.ActiveCfg = Debug|Any CPU
		{F954E798-8E28-4CA0-AE71-2C35BA77EFDD}.Debug|x86.Build.0 = Debug|Any CPU
		{F954E798-8E28-4CA0-AE71-2C35BA77EFDD}.Release|Any CPU.ActiveCfg = Release|Any CPU
		{F954E798-8E28-4CA0-AE71-2C35BA77EFDD}.Release|Any CPU.Build.0 = Release|Any CPU
		{F954E798-8E28-4CA0-AE71-2C35BA77EFDD}.Release|x64.ActiveCfg = Release|Any CPU
		{F954E798-8E28-4CA0-AE71-2C35BA77EFDD}.Release|x64.Build.0 = Release|Any CPU
		{F954E798-8E28-4CA0-AE71-2C35BA77EFDD}.Release|x86.ActiveCfg = Release|Any CPU
		{F954E798-8E28-4CA0-AE71-2C35BA77EFDD}.Release|x86.Build.0 = Release|Any CPU
	EndGlobalSection
	GlobalSection(SolutionProperties) = preSolution
		HideSolutionNode = FALSE
	EndGlobalSection
	GlobalSection(NestedProjects) = preSolution
		{752127B3-5325-4D47-90F6-E1FB174B604E} = {0AB3BF05-4346-4AA6-1389-037BE0695223}
		{4A45E0BD-273D-49B1-853C-4D6002B190EE} = {0AB3BF05-4346-4AA6-1389-037BE0695223}
		{F954E798-8E28-4CA0-AE71-2C35BA77EFDD} = {0AB3BF05-4346-4AA6-1389-037BE0695223}
	EndGlobalSection
EndGlobal
